{
  "nodes": {
    "awww": {
      "inputs": {
        "flake-compat": "flake-compat",
        "nixpkgs": [
          "nixpkgs"
        ],
        "rust-overlay": "rust-overlay"
      },
      "locked": {
        "lastModified": 1774191766,
        "narHash": "sha256-bvO+gfuUOVUiBEwAJ5A2RjpysPzCfyXD+DM8piOa1+4=",
        "ref": "refs/heads/main",
        "rev": "7a8fc2e646b97e5ae508a44d3449e3b41345d456",
        "revCount": 1336,
        "type": "git",
        "url": "https://codeberg.org/LGFae/awww"
      },
      "original": {
        "type": "git",
        "url": "https://codeberg.org/LGFae/awww"
      }
    },
    "flake-compat": {
      "flake": false,
      "locked": {
        "lastModified": 1761588595,
        "narHash": "sha256-XKUZz9zewJNUj46b4AJdiRZJAvSZ0Dqj2BNfXvFlJC4=",
        "owner": "edolstra",
        "repo": "flake-compat",
        "rev": "f387cd2afec9419c8ee37694406ca490c3f34ee5",
        "type": "github"
      },
      "original": {
        "owner": "edolstra",
        "repo": "flake-compat",
        "type": "github"
      }
    },
    "home-manager": {
      "inputs": {
        "nixpkgs": [
          "nixpkgs"
        ]
      },
      "locked": {
        "lastModified": 1775104157,
        "narHash": "sha256-rm/7k0D2J9SP30pyZ2C1HqarDncZDN6KAUI0gzgg4TA=",
        "owner": "nix-community",
        "repo": "home-manager",
        "rev": "41e6e2ab37763c09db4e639033392cf40900440a",
        "type": "github"
      },
      "original": {
        "owner": "nix-community",
        "repo": "home-manager",
        "type": "github"
      }
    },
    "nixpkgs": {
      "locked": {
        "lastModified": 1775036866,
        "narHash": "sha256-ZojAnPuCdy657PbTq5V0Y+AHKhZAIwSIT2cb8UgAz/U=",
        "owner": "NixOS",
        "repo": "nixpkgs",
        "rev": "6201e203d09599479a3b3450ed24fa81537ebc4e",
        "type": "github"
      },
      "original": {
        "owner": "NixOS",
        "ref": "nixos-unstable",
        "repo": "nixpkgs",
        "type": "github"
      }
    },
    "root": {
      "inputs": {
        "awww": "awww",
        "home-manager": "home-manager",
        "nixpkgs": "nixpkgs",
        "silentSDDM": "silentSDDM"
      }
    },
    "rust-overlay": {
      "inputs": {
        "nixpkgs": [
          "awww",
          "nixpkgs"
        ]
      },
      "locked": {
        "lastModified": 1764038373,
        "narHash": "sha256-M6w2wNBRelcavoDAyFL2iO4NeWknD40ASkH1S3C0YGM=",
        "owner": "oxalica",
        "repo": "rust-overlay",
        "rev": "ab3536fe850211a96673c6ffb2cb88aab8071cc9",
        "type": "github"
      },
      "original": {
        "owner": "oxalica",
        "repo": "rust-overlay",
        "type": "github"
      }
    },
    "silentSDDM": {
      "inputs": {
        "nixpkgs": [
          "nixpkgs"
        ]
      },
      "locked": {
        "lastModified": 1771956684,
        "narHash": "sha256-+EtzmEzGA2xqwIvKrP0euYaOzrmTQWEWAiWV+k2WBEM=",
        "owner": "uiriansan",
        "repo": "SilentSDDM",
        "rev": "34f82e1fb8412fff78b82a0dcce763492b36054c",
        "type": "github"
      },
      "original": {
        "owner": "uiriansan",
        "repo": "SilentSDDM",
        "type": "github"
      }
    }
  },
  "root": "root",
  "version": 7
}
